
Microsoft Visual Studio Solution File, Format Version 12.00
# Visual Studio Version 16
VisualStudioVersion = 16.0.29411.108
MinimumVisualStudioVersion = 10.0.40219.1
Project("{FAE04EC0-301F-11D3-BF4B-00C04F79EFBC}") = "WorkerService", "WorkerService\WorkerService.csproj", "{71F143F4-978D-48B2-A23C-D73DA2EE7045}"
EndProject
Project("{FAE04EC0-301F-11D3-BF4B-00C04F79EFBC}") = "WorkerService.WindowsService", "WorkerService.WindowsService\WorkerService.WindowsService.csproj", "{6D23DA47-671A-4710-8555-3A22CE324BB9}"
EndProject
Project("{FAE04EC0-301F-11D3-BF4B-00C04F79EFBC}") = "WorkerService.Systemd", "WorkerService.Systemd\WorkerService.Systemd.csproj", "{F3B057B9-D898-4319-A102-D93A856A0778}"
EndProject
Global
	GlobalSection(SolutionConfigurationPlatforms) = preSolution
		Debug|Any CPU = Debug|Any CPU
		Release|Any CPU = Release|Any CPU
	EndGlobalSection
	GlobalSection(ProjectConfigurationPlatforms) = postSolution
		{71F143F4-978D-48B2-A23C-D73DA2EE7045}.Debug|Any CPU.ActiveCfg = Debug|Any CPU
		{71F143F4-978D-48B2-A23C-D73DA2EE7045}.Debug|Any CPU.Build.0 = Debug|Any CPU
		{71F143F4-978D-48B2-A23C-D73DA2EE7045}.Release|Any CPU.ActiveCfg = Release|Any CPU
		{71F143F4-978D-48B2-A23C-D73DA2EE7045}.Release|Any CPU.Build.0 = Release|Any CPU
		{6D23DA47-671A-4710-8555-3A22CE324BB9}.Debug|Any CPU.ActiveCfg = Debug|Any CPU
		{6D23DA47-671A-4710-8555-3A22CE324BB9}.Debug|Any CPU.Build.0 = Debug|Any CPU
		{6D23DA47-671A-4710-8555-3A22CE324BB9}.Release|Any CPU.ActiveCfg = Release|Any CPU
		{6D23DA47-671A-4710-8555-3A22CE324BB9}.Release|Any CPU.Build.0 = Release|Any CPU
		{F3B057B9-D898-4319-A102-D93A856A0778}.Debug|Any CPU.ActiveCfg = Debug|Any CPU
		{F3B057B9-D898-4319-A102-D93A856A0778}.Debug|Any CPU.Build.0 = Debug|Any CPU
		{F3B057B9-D898-4319-A102-D93A856A0778}.Release|Any CPU.ActiveCfg = Release|Any CPU
		{F3B057B9-D898-4319-A102-D93A856A0778}.Release|Any CPU.Build.0 = Release|Any CPU
	EndGlobalSection
	GlobalSection(SolutionProperties) = preSolution
		HideSolutionNode = FALSE
	EndGlobalSection
	GlobalSection(ExtensibilityGlobals) = postSolution
		SolutionGuid = {AC4AD550-9FBF-4187-B1D9-CAB76D0FD783}
	EndGlobalSection
EndGlobal
