
Microsoft Visual Studio Solution File, Format Version 12.00
# Visual Studio Version 16
VisualStudioVersion = 16.0.29411.108
MinimumVisualStudioVersion = 10.0.40219.1
Project("{FAE04EC0-301F-11D3-BF4B-00C04F79EFBC}") = "Api", "Api\Api.csproj", "{C00C12BC-F5E0-492F-A0D4-9C375595A39F}"
EndProject
Project("{FAE04EC0-301F-11D3-BF4B-00C04F79EFBC}") = "Mvc", "Mvc\Mvc.csproj", "{607466CC-A18C-4A17-BA1D-21DB41A33697}"
EndProject
Project("{FAE04EC0-301F-11D3-BF4B-00C04F79EFBC}") = "RazorPages", "RazorPages\RazorPages.csproj", "{FAACC7C5-650A-48E3-B745-D8251308C9D2}"
EndProject
Global
	GlobalSection(SolutionConfigurationPlatforms) = preSolution
		Debug|Any CPU = Debug|Any CPU
		Release|Any CPU = Release|Any CPU
	EndGlobalSection
	GlobalSection(ProjectConfigurationPlatforms) = postSolution
		{C00C12BC-F5E0-492F-A0D4-9C375595A39F}.Debug|Any CPU.ActiveCfg = Debug|Any CPU
		{C00C12BC-F5E0-492F-A0D4-9C375595A39F}.Debug|Any CPU.Build.0 = Debug|Any CPU
		{C00C12BC-F5E0-492F-A0D4-9C375595A39F}.Release|Any CPU.ActiveCfg = Release|Any CPU
		{C00C12BC-F5E0-492F-A0D4-9C375595A39F}.Release|Any CPU.Build.0 = Release|Any CPU
		{607466CC-A18C-4A17-BA1D-21DB41A33697}.Debug|Any CPU.ActiveCfg = Debug|Any CPU
		{607466CC-A18C-4A17-BA1D-21DB41A33697}.Debug|Any CPU.Build.0 = Debug|Any CPU
		{607466CC-A18C-4A17-BA1D-21DB41A33697}.Release|Any CPU.ActiveCfg = Release|Any CPU
		{607466CC-A18C-4A17-BA1D-21DB41A33697}.Release|Any CPU.Build.0 = Release|Any CPU
		{FAACC7C5-650A-48E3-B745-D8251308C9D2}.Debug|Any CPU.ActiveCfg = Debug|Any CPU
		{FAACC7C5-650A-48E3-B745-D8251308C9D2}.Debug|Any CPU.Build.0 = Debug|Any CPU
		{FAACC7C5-650A-48E3-B745-D8251308C9D2}.Release|Any CPU.ActiveCfg = Release|Any CPU
		{FAACC7C5-650A-48E3-B745-D8251308C9D2}.Release|Any CPU.Build.0 = Release|Any CPU
	EndGlobalSection
	GlobalSection(SolutionProperties) = preSolution
		HideSolutionNode = FALSE
	EndGlobalSection
	GlobalSection(ExtensibilityGlobals) = postSolution
		SolutionGuid = {19008D5C-7B96-49DA-8681-B9D24A7F0EB6}
	EndGlobalSection
EndGlobal
